
Microsoft Visual Studio Solution File, Format Version 12.00
# Visual Studio 15
VisualStudioVersion = 15.0.28010.2016
MinimumVisualStudioVersion = 10.0.40219.1
Project("{FAE04EC0-301F-11D3-BF4B-00C04F79EFBC}") = "Office365_AssignLicenses_Console", "Office365_AssignLicenses_Console\Office365_AssignLicenses_Console.csproj", "{A05D3114-8BB3-4665-A5CC-F2C7686DF542}"
EndProject
Project("{2150E333-8FDC-42A3-9474-1A3956D46DE8}") = "Sources", "Sources", "{7269D569-C281-4D77-93BD-FD1184BEB746}"
EndProject
Project("{2150E333-8FDC-42A3-9474-1A3956D46DE8}") = "TestCases", "TestCases", "{5477B7BB-D676-4F2B-A9F5-FD6CC1FDC5A2}"
	ProjectSection(SolutionItems) = preProject
		TestCases.json = TestCases.json
	EndProjectSection
EndProject
Project("{2150E333-8FDC-42A3-9474-1A3956D46DE8}") = "Binaries", "Binaries", "{139E4518-FAB3-4FC2-AF9B-3C8A61F4CCF9}"
EndProject
Project("{2150E333-8FDC-42A3-9474-1A3956D46DE8}") = "ConsoleApp", "ConsoleApp", "{AD24290C-FBA7-439F-810A-EC92C8395766}"
	ProjectSection(SolutionItems) = preProject
		PRIVATENOTES.txt = PRIVATENOTES.txt
	EndProjectSection
EndProject
Global
	GlobalSection(SolutionConfigurationPlatforms) = preSolution
		Debug|Any CPU = Debug|Any CPU
		Release|Any CPU = Release|Any CPU
	EndGlobalSection
	GlobalSection(ProjectConfigurationPlatforms) = postSolution
		{A05D3114-8BB3-4665-A5CC-F2C7686DF542}.Debug|Any CPU.ActiveCfg = Debug|Any CPU
		{A05D3114-8BB3-4665-A5CC-F2C7686DF542}.Debug|Any CPU.Build.0 = Debug|Any CPU
		{A05D3114-8BB3-4665-A5CC-F2C7686DF542}.Release|Any CPU.ActiveCfg = Release|Any CPU
		{A05D3114-8BB3-4665-A5CC-F2C7686DF542}.Release|Any CPU.Build.0 = Release|Any CPU
	EndGlobalSection
	GlobalSection(SolutionProperties) = preSolution
		HideSolutionNode = FALSE
	EndGlobalSection
	GlobalSection(NestedProjects) = preSolution
		{A05D3114-8BB3-4665-A5CC-F2C7686DF542} = {AD24290C-FBA7-439F-810A-EC92C8395766}
		{AD24290C-FBA7-439F-810A-EC92C8395766} = {7269D569-C281-4D77-93BD-FD1184BEB746}
	EndGlobalSection
	GlobalSection(ExtensibilityGlobals) = postSolution
		SolutionGuid = {F49CEEDF-FBFE-42B6-B184-70769ED0A6B1}
	EndGlobalSection
EndGlobal
